
Microsoft Visual Studio Solution File, Format Version 12.00
# Visual Studio 15
VisualStudioVersion = 15.0.27703.2047
MinimumVisualStudioVersion = 10.0.40219.1
Project("{FAE04EC0-301F-11D3-BF4B-00C04F79EFBC}") = "GPS Coordinate Distance Calculator", "GPS Coordinate Distance Calculator\GPS Coordinate Distance Calculator.csproj", "{96726DF4-58D4-4CCB-9D37-1F3B940312DF}"
EndProject
Global
	GlobalSection(SolutionConfigurationPlatforms) = preSolution
		Debug|Any CPU = Debug|Any CPU
		Release|Any CPU = Release|Any CPU
	EndGlobalSection
	GlobalSection(ProjectConfigurationPlatforms) = postSolution
		{96726DF4-58D4-4CCB-9D37-1F3B940312DF}.Debug|Any CPU.ActiveCfg = Debug|Any CPU
		{96726DF4-58D4-4CCB-9D37-1F3B940312DF}.Debug|Any CPU.Build.0 = Debug|Any CPU
		{96726DF4-58D4-4CCB-9D37-1F3B940312DF}.Release|Any CPU.ActiveCfg = Release|Any CPU
		{96726DF4-58D4-4CCB-9D37-1F3B940312DF}.Release|Any CPU.Build.0 = Release|Any CPU
	EndGlobalSection
	GlobalSection(SolutionProperties) = preSolution
		HideSolutionNode = FALSE
	EndGlobalSection
	GlobalSection(ExtensibilityGlobals) = postSolution
		SolutionGuid = {C6762377-29B9-4674-8F20-F8E545C008D7}
	EndGlobalSection
EndGlobal
